// !$*UTF8*$!
{
	archiveVersion = 1;
	classes = {
	};
	objectVersion = 42;
	objects = {

/* Begin PBXBuildFile section */
		8DD76F650486A84900D96B5E /* test.cpp in Sources */ = {isa = PBXBuildFile; fileRef = 08FB7796FE84155DC02AAC07 /* test.cpp */; settings = {ATTRIBUTES = (); }; };
		AF155A320A501F84007E1E6E /* CDirectoryService.cpp in Sources */ = {isa = PBXBuildFile; fileRef = AF155A2F0A501F84007E1E6E /* CDirectoryService.cpp */; };
		AF155A330A501F84007E1E6E /* CDirectoryService.h in CopyFiles */ = {isa = PBXBuildFile; fileRef = AF155A300A501F84007E1E6E /* CDirectoryService.h */; };
		AF155A340A501F84007E1E6E /* PythonWrapper.cpp in Sources */ = {isa = PBXBuildFile; fileRef = AF155A310A501F84007E1E6E /* PythonWrapper.cpp */; };
		AF155A370A501F9D007E1E6E /* CoreFoundation.framework in Frameworks */ = {isa = PBXBuildFile; fileRef = AF155A350A501F9D007E1E6E /* CoreFoundation.framework */; };
		AF155A380A501F9D007E1E6E /* DirectoryService.framework in Frameworks */ = {isa = PBXBuildFile; fileRef = AF155A360A501F9D007E1E6E /* DirectoryService.framework */; };
		AF155AFD0A502C09007E1E6E /* CFStringUtil.h in CopyFiles */ = {isa = PBXBuildFile; fileRef = AF155AFB0A502C09007E1E6E /* CFStringUtil.h */; };
		AF155AFE0A502C09007E1E6E /* CFStringUtil.cpp in Sources */ = {isa = PBXBuildFile; fileRef = AF155AFC0A502C09007E1E6E /* CFStringUtil.cpp */; };
/* End PBXBuildFile section */

/* Begin PBXCopyFilesBuildPhase section */
		8DD76F690486A84900D96B5E /* CopyFiles */ = {
			isa = PBXCopyFilesBuildPhase;
			buildActionMask = 8;
			dstPath = /usr/share/man/man1/;
			dstSubfolderSpec = 0;
			files = (
				AF155A330A501F84007E1E6E /* CDirectoryService.h in CopyFiles */,
				AF155AFD0A502C09007E1E6E /* CFStringUtil.h in CopyFiles */,
			);
			runOnlyForDeploymentPostprocessing = 1;
		};
/* End PBXCopyFilesBuildPhase section */

/* Begin PBXFileReference section */
		08FB7796FE84155DC02AAC07 /* test.cpp */ = {isa = PBXFileReference; fileEncoding = 4; lastKnownFileType = sourcecode.cpp.cpp; path = test.cpp; sourceTree = "<group>"; };
		8DD76F6C0486A84900D96B5E /* PyOpenDirectory */ = {isa = PBXFileReference; explicitFileType = "compiled.mach-o.executable"; includeInIndex = 0; path = PyOpenDirectory; sourceTree = BUILT_PRODUCTS_DIR; };
		AF155A2F0A501F84007E1E6E /* CDirectoryService.cpp */ = {isa = PBXFileReference; fileEncoding = 30; lastKnownFileType = sourcecode.cpp.cpp; name = CDirectoryService.cpp; path = ../src/CDirectoryService.cpp; sourceTree = SOURCE_ROOT; };
		AF155A300A501F84007E1E6E /* CDirectoryService.h */ = {isa = PBXFileReference; fileEncoding = 30; lastKnownFileType = sourcecode.c.h; name = CDirectoryService.h; path = ../src/CDirectoryService.h; sourceTree = SOURCE_ROOT; };
		AF155A310A501F84007E1E6E /* PythonWrapper.cpp */ = {isa = PBXFileReference; fileEncoding = 30; lastKnownFileType = sourcecode.cpp.cpp; name = PythonWrapper.cpp; path = ../src/PythonWrapper.cpp; sourceTree = SOURCE_ROOT; };
		AF155A350A501F9D007E1E6E /* CoreFoundation.framework */ = {isa = PBXFileReference; lastKnownFileType = wrapper.framework; name = CoreFoundation.framework; path = /System/Library/Frameworks/CoreFoundation.framework; sourceTree = "<absolute>"; };
		AF155A360A501F9D007E1E6E /* DirectoryService.framework */ = {isa = PBXFileReference; lastKnownFileType = wrapper.framework; name = DirectoryService.framework; path = /System/Library/Frameworks/DirectoryService.framework; sourceTree = "<absolute>"; };
		AF155AFB0A502C09007E1E6E /* CFStringUtil.h */ = {isa = PBXFileReference; fileEncoding = 4; lastKnownFileType = sourcecode.c.h; name = CFStringUtil.h; path = ../src/CFStringUtil.h; sourceTree = SOURCE_ROOT; };
		AF155AFC0A502C09007E1E6E /* CFStringUtil.cpp */ = {isa = PBXFileReference; fileEncoding = 4; lastKnownFileType = sourcecode.cpp.cpp; name = CFStringUtil.cpp; path = ../src/CFStringUtil.cpp; sourceTree = SOURCE_ROOT; };
/* End PBXFileReference section */

/* Begin PBXFrameworksBuildPhase section */
		8DD76F660486A84900D96B5E /* Frameworks */ = {
			isa = PBXFrameworksBuildPhase;
			buildActionMask = 2147483647;
			files = (
				AF155A370A501F9D007E1E6E /* CoreFoundation.framework in Frameworks */,
				AF155A380A501F9D007E1E6E /* DirectoryService.framework in Frameworks */,
			);
			runOnlyForDeploymentPostprocessing = 0;
		};
/* End PBXFrameworksBuildPhase section */

/* Begin PBXGroup section */
		08FB7794FE84155DC02AAC07 /* PyOpenDirectory */ = {
			isa = PBXGroup;
			children = (
				08FB7795FE84155DC02AAC07 /* Source */,
				AF155A3D0A501FA0007E1E6E /* Frameworks */,
				1AB674ADFE9D54B511CA2CBB /* Products */,
			);
			name = PyOpenDirectory;
			sourceTree = "<group>";
		};
		08FB7795FE84155DC02AAC07 /* Source */ = {
			isa = PBXGroup;
			children = (
				AF155A2F0A501F84007E1E6E /* CDirectoryService.cpp */,
				AF155A300A501F84007E1E6E /* CDirectoryService.h */,
				AF155A310A501F84007E1E6E /* PythonWrapper.cpp */,
				08FB7796FE84155DC02AAC07 /* test.cpp */,
				AF155AFB0A502C09007E1E6E /* CFStringUtil.h */,
				AF155AFC0A502C09007E1E6E /* CFStringUtil.cpp */,
			);
			name = Source;
			sourceTree = "<group>";
		};
		1AB674ADFE9D54B511CA2CBB /* Products */ = {
			isa = PBXGroup;
			children = (
				8DD76F6C0486A84900D96B5E /* PyOpenDirectory */,
			);
			name = Products;
			sourceTree = "<group>";
		};
		AF155A3D0A501FA0007E1E6E /* Frameworks */ = {
			isa = PBXGroup;
			children = (
				AF155A350A501F9D007E1E6E /* CoreFoundation.framework */,
				AF155A360A501F9D007E1E6E /* DirectoryService.framework */,
			);
			name = Frameworks;
			sourceTree = "<group>";
		};
/* End PBXGroup section */

/* Begin PBXNativeTarget section */
		8DD76F620486A84900D96B5E /* PyOpenDirectory */ = {
			isa = PBXNativeTarget;
			buildConfigurationList = 1DEB923108733DC60010E9CD /* Build configuration list for PBXNativeTarget "PyOpenDirectory" */;
			buildPhases = (
				8DD76F640486A84900D96B5E /* Sources */,
				8DD76F660486A84900D96B5E /* Frameworks */,
				8DD76F690486A84900D96B5E /* CopyFiles */,
			);
			buildRules = (
			);
			dependencies = (
			);
			name = PyOpenDirectory;
			productInstallPath = "$(HOME)/bin";
			productName = PyOpenDirectory;
			productReference = 8DD76F6C0486A84900D96B5E /* PyOpenDirectory */;
			productType = "com.apple.product-type.tool";
		};
/* End PBXNativeTarget section */

/* Begin PBXProject section */
		08FB7793FE84155DC02AAC07 /* Project object */ = {
			isa = PBXProject;
			buildConfigurationList = 1DEB923508733DC60010E9CD /* Build configuration list for PBXProject "PyOpenDirectory" */;
			compatibilityVersion = "Xcode 2.4";
			hasScannedForEncodings = 1;
			mainGroup = 08FB7794FE84155DC02AAC07 /* PyOpenDirectory */;
			projectDirPath = "";
			projectRoot = "";
			shouldCheckCompatibility = 1;
			targets = (
				8DD76F620486A84900D96B5E /* PyOpenDirectory */,
			);
		};
/* End PBXProject section */

/* Begin PBXSourcesBuildPhase section */
		8DD76F640486A84900D96B5E /* Sources */ = {
			isa = PBXSourcesBuildPhase;
			buildActionMask = 2147483647;
			files = (
				8DD76F650486A84900D96B5E /* test.cpp in Sources */,
				AF155A320A501F84007E1E6E /* CDirectoryService.cpp in Sources */,
				AF155A340A501F84007E1E6E /* PythonWrapper.cpp in Sources */,
				AF155AFE0A502C09007E1E6E /* CFStringUtil.cpp in Sources */,
			);
			runOnlyForDeploymentPostprocessing = 0;
		};
/* End PBXSourcesBuildPhase section */

/* Begin XCBuildConfiguration section */
		1DEB923208733DC60010E9CD /* Debug */ = {
			isa = XCBuildConfiguration;
			buildSettings = {
				COPY_PHASE_STRIP = NO;
				GCC_DYNAMIC_NO_PIC = NO;
				GCC_ENABLE_FIX_AND_CONTINUE = YES;
				GCC_MODEL_TUNING = G5;
				GCC_OPTIMIZATION_LEVEL = 0;
				INSTALL_PATH = "$(HOME)/bin";
				PRODUCT_NAME = PyOpenDirectory;
				ZERO_LINK = YES;
			};
			name = Debug;
		};
		1DEB923308733DC60010E9CD /* Release */ = {
			isa = XCBuildConfiguration;
			buildSettings = {
				ARCHS = (
					ppc,
					i386,
				);
				GCC_GENERATE_DEBUGGING_SYMBOLS = NO;
				GCC_MODEL_TUNING = G5;
				INSTALL_PATH = "$(HOME)/bin";
				PRODUCT_NAME = PyOpenDirectory;
			};
			name = Release;
		};
		1DEB923608733DC60010E9CD /* Debug */ = {
			isa = XCBuildConfiguration;
			buildSettings = {
				GCC_WARN_ABOUT_RETURN_TYPE = YES;
				GCC_WARN_UNUSED_VARIABLE = YES;
				HEADER_SEARCH_PATHS = "";
				PREBINDING = NO;
				SDKROOT = /Developer/SDKs/MacOSX10.4u.sdk;
				USER_HEADER_SEARCH_PATHS = ../src;
			};
			name = Debug;
		};
		1DEB923708733DC60010E9CD /* Release */ = {
			isa = XCBuildConfiguration;
			buildSettings = {
				GCC_WARN_ABOUT_RETURN_TYPE = YES;
				GCC_WARN_UNUSED_VARIABLE = YES;
				HEADER_SEARCH_PATHS = "";
				PREBINDING = NO;
				SDKROOT = /Developer/SDKs/MacOSX10.4u.sdk;
				USER_HEADER_SEARCH_PATHS = ../src;
			};
			name = Release;
		};
/* End XCBuildConfiguration section */

/* Begin XCConfigurationList section */
		1DEB923108733DC60010E9CD /* Build configuration list for PBXNativeTarget "PyOpenDirectory" */ = {
			isa = XCConfigurationList;
			buildConfigurations = (
				1DEB923208733DC60010E9CD /* Debug */,
				1DEB923308733DC60010E9CD /* Release */,
			);
			defaultConfigurationIsVisible = 0;
			defaultConfigurationName = Release;
		};
		1DEB923508733DC60010E9CD /* Build configuration list for PBXProject "PyOpenDirectory" */ = {
			isa = XCConfigurationList;
			buildConfigurations = (
				1DEB923608733DC60010E9CD /* Debug */,
				1DEB923708733DC60010E9CD /* Release */,
			);
			defaultConfigurationIsVisible = 0;
			defaultConfigurationName = Release;
		};
/* End XCConfigurationList section */
	};
	rootObject = 08FB7793FE84155DC02AAC07 /* Project object */;
}
